#MicroXplorer Configuration settings - do not modify
BOOTPATH.BootPathName=LEGACY
BOOTPATH.IPParameters=BootPathName
BOOTPATH.UserSelectedBootPath=LEGACY
CAD.formats=
CAD.pinconfig=
CAD.provider=
CORTEX_M33_NS.userName=CORTEX_M33
File.Version=6
GPDMA1.CIRCULARMODE_GPDMACH0=ENABLE
GPDMA1.CIRCULARMODE_GPDMACH1=ENABLE
GPDMA1.DESTINC_GPDMACH0=DMA_DINC_INCREMENTED
GPDMA1.DESTINC_GPDMACH1=DMA_DINC_INCREMENTED
GPDMA1.IPHANDLE_GPDMACH0-SIMPLEREQUEST_GPDMACH0=__NULL
GPDMA1.IPHANDLE_GPDMACH1-SIMPLEREQUEST_GPDMACH1=__NULL
GPDMA1.IPParameters=CIRCULARMODE_GPDMACH0,REQUEST_GPDMACH0,DESTINC_GPDMACH0,IPHANDLE_GPDMACH0-SIMPLEREQUEST_GPDMACH0,CIRCULARMODE_GPDMACH1,LINKALLOCATEDPORT_CIRCULAR_GPDMACH1,IPHANDLE_GPDMACH1-SIMPLEREQUEST_GPDMACH1,REQUEST_GPDMACH1,DESTINC_GPDMACH1
GPDMA1.LINKALLOCATEDPORT_CIRCULAR_GPDMACH1=DMA_LINK_ALLOCATED_PORT1
GPDMA1.REQUEST_GPDMACH0=GPDMA1_REQUEST_USART3_RX
GPDMA1.REQUEST_GPDMACH1=GPDMA1_REQUEST_USART2_RX
GPIO.groupedBy=Group By Peripherals
KeepUserPlacement=false
MMTAppRegionsCount=0
MMTConfigApplied=false
Mcu.CPN=STM32H563ZIT6
Mcu.ContextProject=TrustZoneDisabled
Mcu.Family=STM32H5
Mcu.IP0=BOOTPATH
Mcu.IP1=CORTEX_M33_NS
Mcu.IP10=SYS
Mcu.IP11=TIM3
Mcu.IP12=TIM4
Mcu.IP13=TIM6
Mcu.IP14=UART5
Mcu.IP15=USART1
Mcu.IP16=USART2
Mcu.IP17=USART3
Mcu.IP2=DEBUG
Mcu.IP3=GPDMA1
Mcu.IP4=ICACHE
Mcu.IP5=MEMORYMAP
Mcu.IP6=NVIC
Mcu.IP7=PWR
Mcu.IP8=RCC
Mcu.IP9=SPI1
Mcu.IPNb=18
Mcu.Name=STM32H563ZITx
Mcu.Package=LQFP144
Mcu.Pin0=PE2
Mcu.Pin1=PE3
Mcu.Pin10=PF6
Mcu.Pin100=VP_BOOTPATH_VS_BOOTPATH
Mcu.Pin101=VP_MEMORYMAP_VS_MEMORYMAP
Mcu.Pin11=PF7
Mcu.Pin12=PF8
Mcu.Pin13=PF9
Mcu.Pin14=PF10
Mcu.Pin15=PH0-OSC_IN(PH0)
Mcu.Pin16=PH1-OSC_OUT(PH1)
Mcu.Pin17=PC0
Mcu.Pin18=PC1
Mcu.Pin19=PC2
Mcu.Pin2=PE4
Mcu.Pin20=PC3
Mcu.Pin21=PA0
Mcu.Pin22=PA1
Mcu.Pin23=PA2
Mcu.Pin24=PA3
Mcu.Pin25=PA4
Mcu.Pin26=PA5
Mcu.Pin27=PA6
Mcu.Pin28=PA7
Mcu.Pin29=PC4
Mcu.Pin3=PE5
Mcu.Pin30=PC5
Mcu.Pin31=PB0
Mcu.Pin32=PF11
Mcu.Pin33=PF12
Mcu.Pin34=PF14
Mcu.Pin35=PF15
Mcu.Pin36=PG0
Mcu.Pin37=PG1
Mcu.Pin38=PE7
Mcu.Pin39=PE8
Mcu.Pin4=PC13
Mcu.Pin40=PE9
Mcu.Pin41=PE10
Mcu.Pin42=PE11
Mcu.Pin43=PE12
Mcu.Pin44=PE13
Mcu.Pin45=PE14
Mcu.Pin46=PE15
Mcu.Pin47=PB13
Mcu.Pin48=PB14
Mcu.Pin49=PB15
Mcu.Pin5=PF1
Mcu.Pin50=PD8
Mcu.Pin51=PD9
Mcu.Pin52=PD10
Mcu.Pin53=PD11
Mcu.Pin54=PD12
Mcu.Pin55=PD13
Mcu.Pin56=PD14
Mcu.Pin57=PD15
Mcu.Pin58=PG2
Mcu.Pin59=PG3
Mcu.Pin6=PF2
Mcu.Pin60=PG4
Mcu.Pin61=PG5
Mcu.Pin62=PG6
Mcu.Pin63=PG7
Mcu.Pin64=PG8
Mcu.Pin65=PC6
Mcu.Pin66=PC7
Mcu.Pin67=PC8
Mcu.Pin68=PC9
Mcu.Pin69=PA9
Mcu.Pin7=PF3
Mcu.Pin70=PA10
Mcu.Pin71=PA13(JTMS/SWDIO)
Mcu.Pin72=PA14(JTCK/SWCLK)
Mcu.Pin73=PC10
Mcu.Pin74=PC11
Mcu.Pin75=PC12
Mcu.Pin76=PD0
Mcu.Pin77=PD2
Mcu.Pin78=PD3
Mcu.Pin79=PD4
Mcu.Pin8=PF4
Mcu.Pin80=PD5
Mcu.Pin81=PD6
Mcu.Pin82=PD7
Mcu.Pin83=PG10
Mcu.Pin84=PG12
Mcu.Pin85=PG13
Mcu.Pin86=PG14
Mcu.Pin87=PG15
Mcu.Pin88=PB3(JTDO/TRACESWO)
Mcu.Pin89=PB4(NJTRST)
Mcu.Pin9=PF5
Mcu.Pin90=PB5
Mcu.Pin91=PE0
Mcu.Pin92=VP_CORTEX_M33_NS_VS_Hclk
Mcu.Pin93=VP_GPDMA1_VS_GPDMACH0
Mcu.Pin94=VP_GPDMA1_VS_GPDMACH1
Mcu.Pin95=VP_ICACHE_VS_ENABLE_ICACHE_MEMORY
Mcu.Pin96=VP_PWR_VS_SECSignals
Mcu.Pin97=VP_PWR_VS_LPOM
Mcu.Pin98=VP_SYS_VS_Systick
Mcu.Pin99=VP_TIM6_VS_ClockSourceINT
Mcu.PinsNb=102
Mcu.ThirdPartyNb=0
Mcu.UserConstants=
Mcu.UserName=STM32H563ZITx
MxCube.Version=6.15.0
MxDb.Version=DB.6.0.150
NVIC.BusFault_IRQn=true\:0\:0\:false\:false\:true\:false\:false\:false
NVIC.DebugMonitor_IRQn=true\:0\:0\:false\:false\:true\:false\:false\:false
NVIC.ForceEnableDMAVector=true
NVIC.GPDMA1_Channel0_IRQn=true\:0\:0\:false\:false\:true\:false\:true\:true
NVIC.GPDMA1_Channel1_IRQn=true\:0\:0\:false\:false\:true\:false\:true\:true
NVIC.HardFault_IRQn=true\:0\:0\:false\:false\:true\:false\:false\:false
NVIC.MemoryManagement_IRQn=true\:0\:0\:false\:false\:true\:false\:false\:false
NVIC.NonMaskableInt_IRQn=true\:0\:0\:false\:false\:true\:false\:true\:false
NVIC.PendSV_IRQn=true\:0\:0\:false\:false\:true\:false\:false\:false
NVIC.PriorityGroup=NVIC_PRIORITYGROUP_4
NVIC.SVCall_IRQn=true\:0\:0\:false\:false\:true\:false\:false\:false
NVIC.SysTick_IRQn=true\:15\:0\:false\:false\:true\:false\:true\:false
NVIC.TIM6_IRQn=true\:0\:0\:false\:false\:true\:true\:true\:true
NVIC.UsageFault_IRQn=true\:0\:0\:false\:false\:true\:false\:false\:false
PA0.GPIOParameters=GPIO_Label
PA0.GPIO_Label=B_In7
PA0.Locked=true
PA0.Signal=GPIO_Input
PA1.GPIOParameters=GPIO_Label
PA1.GPIO_Label=B_In10
PA1.Locked=true
PA1.Signal=GPIO_Input
PA10.GPIOParameters=GPIO_Label
PA10.GPIO_Label=COM_RS232_RX
PA10.Locked=true
PA10.Mode=Asynchronous
PA10.Signal=USART1_RX
PA13(JTMS/SWDIO).Locked=true
PA13(JTMS/SWDIO).Mode=Serial_Wire
PA13(JTMS/SWDIO).Signal=DEBUG_JTMS-SWDIO
PA14(JTCK/SWCLK).Locked=true
PA14(JTCK/SWCLK).Mode=Serial_Wire
PA14(JTCK/SWCLK).Signal=DEBUG_JTCK-SWCLK
PA2.GPIOParameters=GPIO_Label
PA2.GPIO_Label=B_In11
PA2.Locked=true
PA2.Signal=GPIO_Input
PA3.GPIOParameters=GPIO_Label
PA3.GPIO_Label=B_In12
PA3.Locked=true
PA3.Signal=GPIO_Input
PA4.GPIOParameters=GPIO_Label
PA4.GPIO_Label=B_In13
PA4.Locked=true
PA4.Signal=GPIO_Input
PA5.GPIOParameters=GPIO_Label
PA5.GPIO_Label=SYS_LAN_CLK
PA5.Mode=Full_Duplex_Master
PA5.Signal=SPI1_SCK
PA6.GPIOParameters=GPIO_Label
PA6.GPIO_Label=SYS_LAN_SDO
PA6.Mode=Full_Duplex_Master
PA6.Signal=SPI1_MISO
PA7.GPIOParameters=GPIO_Label
PA7.GPIO_Label=SYS_LAN_SDI
PA7.Mode=Full_Duplex_Master
PA7.Signal=SPI1_MOSI
PA9.GPIOParameters=GPIO_Label
PA9.GPIO_Label=COM_RS232_TX
PA9.Locked=true
PA9.Mode=Asynchronous
PA9.Signal=USART1_TX
PB0.GPIOParameters=GPIO_Label
PB0.GPIO_Label=B_Out13
PB0.Locked=true
PB0.Signal=GPIO_Output
PB13.GPIOParameters=GPIO_Label
PB13.GPIO_Label=T_ADC_CLK
PB13.Locked=true
PB13.Signal=GPIO_Output
PB14.GPIOParameters=GPIO_Label
PB14.GPIO_Label=T_ADC_SDO
PB14.Locked=true
PB14.Signal=GPIO_Input
PB15.GPIOParameters=GPIO_Label
PB15.GPIO_Label=T_ADC_SDI
PB15.Locked=true
PB15.Signal=GPIO_Output
PB3(JTDO/TRACESWO).GPIOParameters=GPIO_Label
PB3(JTDO/TRACESWO).GPIO_Label=T_ENC_CLK
PB3(JTDO/TRACESWO).Locked=true
PB3(JTDO/TRACESWO).Signal=GPIO_Output
PB4(NJTRST).GPIOParameters=GPIO_Label
PB4(NJTRST).GPIO_Label=T_ENC_SDO
PB4(NJTRST).Locked=true
PB4(NJTRST).Signal=GPIO_Input
PB5.GPIOParameters=GPIO_Label
PB5.GPIO_Label=T_ENC_SDI
PB5.Locked=true
PB5.Signal=GPIO_Output
PC0.GPIOParameters=GPIO_Label
PC0.GPIO_Label=B_Out10
PC0.Locked=true
PC0.Signal=GPIO_Output
PC1.GPIOParameters=GPIO_Label
PC1.GPIO_Label=B_Out11
PC1.Locked=true
PC1.Signal=GPIO_Output
PC10.GPIOParameters=GPIO_Label
PC10.GPIO_Label=COM_RS485_TX0
PC10.Locked=true
PC10.Mode=Asynchronous
PC10.Signal=USART3_TX
PC11.GPIOParameters=GPIO_Label
PC11.GPIO_Label=COM_RS485_RX0
PC11.Locked=true
PC11.Mode=Asynchronous
PC11.Signal=USART3_RX
PC12.GPIOParameters=GPIO_Label
PC12.GPIO_Label=COM_RS485_TX2
PC12.Locked=true
PC12.Mode=Asynchronous
PC12.Signal=UART5_TX
PC13.GPIOParameters=GPIO_Label
PC13.GPIO_Label=B_Out3
PC13.Locked=true
PC13.Signal=GPIO_Output
PC2.GPIOParameters=GPIO_Label
PC2.GPIO_Label=B_Out12
PC2.Locked=true
PC2.Signal=GPIO_Output
PC3.GPIOParameters=GPIO_Label
PC3.GPIO_Label=B_In6
PC3.Locked=true
PC3.Signal=GPIO_Input
PC4.GPIOParameters=GPIO_Label
PC4.GPIO_Label=SYS_LAN_CS
PC4.Locked=true
PC4.Signal=GPIO_Output
PC5.GPIOParameters=GPIO_Label
PC5.GPIO_Label=B_In14
PC5.Locked=true
PC5.Signal=GPIO_Input
PC6.GPIOParameters=GPIO_Label
PC6.GPIO_Label=T_PWM8
PC6.Locked=true
PC6.Signal=S_TIM3_CH1
PC7.GPIOParameters=GPIO_Label
PC7.GPIO_Label=T_PWM7
PC7.Locked=true
PC7.Signal=S_TIM3_CH2
PC8.GPIOParameters=GPIO_Label
PC8.GPIO_Label=T_PWM6
PC8.Locked=true
PC8.Signal=S_TIM3_CH3
PC9.GPIOParameters=GPIO_Label
PC9.GPIO_Label=T_PWM5
PC9.Locked=true
PC9.Signal=S_TIM3_CH4
PD0.GPIOParameters=GPIO_Label
PD0.GPIO_Label=SYS_LED1
PD0.Locked=true
PD0.Signal=GPIO_Output
PD10.GPIOParameters=GPIO_Label
PD10.GPIO_Label=B_Out21
PD10.Locked=true
PD10.Signal=GPIO_Output
PD11.GPIOParameters=GPIO_Label
PD11.GPIO_Label=B_Out20
PD11.Locked=true
PD11.Signal=GPIO_Output
PD12.GPIOParameters=GPIO_Label
PD12.GPIO_Label=T_PWM4
PD12.Locked=true
PD12.Signal=S_TIM4_CH1
PD13.GPIOParameters=GPIO_Label
PD13.GPIO_Label=T_PWM3
PD13.Locked=true
PD13.Signal=S_TIM4_CH2
PD14.GPIOParameters=GPIO_Label
PD14.GPIO_Label=T_PWM2
PD14.Locked=true
PD14.Signal=S_TIM4_CH3
PD15.GPIOParameters=GPIO_Label
PD15.GPIO_Label=T_PWM1
PD15.Locked=true
PD15.Signal=S_TIM4_CH4
PD2.GPIOParameters=GPIO_Label
PD2.GPIO_Label=COM_RS485_RX2
PD2.Locked=true
PD2.Mode=Asynchronous
PD2.Signal=UART5_RX
PD3.GPIOParameters=GPIO_PuPd,GPIO_Label
PD3.GPIO_Label=B_In32
PD3.GPIO_PuPd=GPIO_PULLUP
PD3.Locked=true
PD3.Signal=GPIO_Input
PD4.GPIOParameters=GPIO_PuPd,GPIO_Label
PD4.GPIO_Label=B_In31
PD4.GPIO_PuPd=GPIO_PULLUP
PD4.Locked=true
PD4.Signal=GPIO_Input
PD5.GPIOParameters=GPIO_Label
PD5.GPIO_Label=COM_RS485_TX1
PD5.Locked=true
PD5.Mode=Asynchronous
PD5.Signal=USART2_TX
PD6.GPIOParameters=GPIO_Label
PD6.GPIO_Label=COM_RS485_RX1
PD6.Locked=true
PD6.Mode=Asynchronous
PD6.Signal=USART2_RX
PD7.GPIOParameters=GPIO_PuPd,GPIO_Label
PD7.GPIO_Label=B_In33
PD7.GPIO_PuPd=GPIO_PULLUP
PD7.Locked=true
PD7.Signal=GPIO_Input
PD8.GPIOParameters=GPIO_Label
PD8.GPIO_Label=B_Out14
PD8.Locked=true
PD8.Signal=GPIO_Output
PD9.GPIOParameters=GPIO_Label
PD9.GPIO_Label=B_Out17
PD9.Locked=true
PD9.Signal=GPIO_Output
PE0.GPIOParameters=GPIO_Label
PE0.GPIO_Label=T_ENC_CS1
PE0.Locked=true
PE0.Signal=GPIO_Output
PE10.GPIOParameters=GPIO_PuPd,GPIO_Label
PE10.GPIO_Label=B_In20
PE10.GPIO_PuPd=GPIO_PULLUP
PE10.Locked=true
PE10.Signal=GPIO_Input
PE11.GPIOParameters=GPIO_PuPd,GPIO_Label
PE11.GPIO_Label=B_In23
PE11.GPIO_PuPd=GPIO_PULLUP
PE11.Locked=true
PE11.Signal=GPIO_Input
PE12.GPIOParameters=GPIO_PuPd,GPIO_Label
PE12.GPIO_Label=B_In22
PE12.GPIO_PuPd=GPIO_PULLUP
PE12.Locked=true
PE12.Signal=GPIO_Input
PE13.GPIOParameters=GPIO_PuPd,GPIO_Label
PE13.GPIO_Label=B_In25
PE13.GPIO_PuPd=GPIO_PULLUP
PE13.Locked=true
PE13.Signal=GPIO_Input
PE14.GPIOParameters=GPIO_PuPd,GPIO_Label
PE14.GPIO_Label=B_In24
PE14.GPIO_PuPd=GPIO_PULLUP
PE14.Locked=true
PE14.Signal=GPIO_Input
PE15.GPIOParameters=GPIO_Label
PE15.GPIO_Label=B_Out15
PE15.Locked=true
PE15.Signal=GPIO_Output
PE2.GPIOParameters=GPIO_Label
PE2.GPIO_Label=T_ENC_CS3
PE2.Locked=true
PE2.Signal=GPIO_Output
PE3.GPIOParameters=GPIO_Label
PE3.GPIO_Label=T_ENC_CS4
PE3.Locked=true
PE3.Signal=GPIO_Output
PE4.GPIOParameters=GPIO_Label
PE4.GPIO_Label=B_Out0
PE4.Locked=true
PE4.Signal=GPIO_Output
PE5.GPIOParameters=GPIO_Label
PE5.GPIO_Label=B_Out1
PE5.Locked=true
PE5.Signal=GPIO_Output
PE7.GPIOParameters=GPIO_Label
PE7.GPIO_Label=B_Out2
PE7.Locked=true
PE7.Signal=GPIO_Output
PE8.GPIOParameters=GPIO_PuPd,GPIO_Label
PE8.GPIO_Label=B_In17
PE8.GPIO_PuPd=GPIO_PULLUP
PE8.Locked=true
PE8.Signal=GPIO_Input
PE9.GPIOParameters=GPIO_PuPd,GPIO_Label
PE9.GPIO_Label=B_In21
PE9.GPIO_PuPd=GPIO_PULLUP
PE9.Locked=true
PE9.Signal=GPIO_Input
PF1.GPIOParameters=GPIO_Label
PF1.GPIO_Label=B_In0
PF1.Locked=true
PF1.Signal=GPIO_Input
PF10.GPIOParameters=GPIO_Label
PF10.GPIO_Label=B_Out7
PF10.Locked=true
PF10.Signal=GPIO_Output
PF11.GPIOParameters=GPIO_Label
PF11.GPIO_Label=SYS_LED2
PF11.Locked=true
PF11.Signal=GPIO_Output
PF12.GPIOParameters=GPIO_Label
PF12.GPIO_Label=SYS_LED3
PF12.Locked=true
PF12.Signal=GPIO_Output
PF14.GPIOParameters=GPIO_PuPd,GPIO_Label
PF14.GPIO_Label=B_In30
PF14.GPIO_PuPd=GPIO_PULLUP
PF14.Locked=true
PF14.Signal=GPIO_Input
PF15.GPIOParameters=GPIO_Label
PF15.GPIO_Label=B_Out16
PF15.Locked=true
PF15.Signal=GPIO_Output
PF2.GPIOParameters=GPIO_Label
PF2.GPIO_Label=B_Out4
PF2.Locked=true
PF2.Signal=GPIO_Output
PF3.GPIOParameters=GPIO_Label
PF3.GPIO_Label=B_Out5
PF3.Locked=true
PF3.Signal=GPIO_Output
PF4.GPIOParameters=GPIO_Label
PF4.GPIO_Label=B_In1
PF4.Locked=true
PF4.Signal=GPIO_Input
PF5.GPIOParameters=GPIO_Label
PF5.GPIO_Label=B_In2
PF5.Locked=true
PF5.Signal=GPIO_Input
PF6.GPIOParameters=GPIO_Label
PF6.GPIO_Label=B_In3
PF6.Locked=true
PF6.Signal=GPIO_Input
PF7.GPIOParameters=GPIO_Label
PF7.GPIO_Label=B_In4
PF7.Locked=true
PF7.Signal=GPIO_Input
PF8.GPIOParameters=GPIO_Label
PF8.GPIO_Label=B_In5
PF8.Locked=true
PF8.Signal=GPIO_Input
PF9.GPIOParameters=GPIO_Label
PF9.GPIO_Label=B_Out6
PF9.Locked=true
PF9.Signal=GPIO_Output
PG0.GPIOParameters=GPIO_PuPd,GPIO_Label
PG0.GPIO_Label=B_In16
PG0.GPIO_PuPd=GPIO_PULLUP
PG0.Locked=true
PG0.Signal=GPIO_Input
PG1.GPIOParameters=GPIO_Label
PG1.GPIO_Label=B_In15
PG1.Locked=true
PG1.Signal=GPIO_Input
PG10.GPIOParameters=GPIO_Label
PG10.GPIO_Label=T_ENC_CS2
PG10.Locked=true
PG10.Signal=GPIO_Output
PG12.GPIOParameters=GPIO_Label
PG12.GPIO_Label=T_ADC_CS
PG12.Locked=true
PG12.Signal=GPIO_Output
PG13.GPIOParameters=GPIO_Label
PG13.GPIO_Label=T_ADC_RST
PG13.Locked=true
PG13.Signal=GPIO_Output
PG14.GPIOParameters=GPIO_PuPd,GPIO_Label
PG14.GPIO_Label=B_In35
PG14.GPIO_PuPd=GPIO_PULLUP
PG14.Locked=true
PG14.Signal=GPIO_Input
PG15.GPIOParameters=GPIO_PuPd,GPIO_Label
PG15.GPIO_Label=B_In34
PG15.GPIO_PuPd=GPIO_PULLUP
PG15.Locked=true
PG15.Signal=GPIO_Input
PG2.GPIOParameters=GPIO_Label
PG2.GPIO_Label=B_Out23
PG2.Locked=true
PG2.Signal=GPIO_Output
PG3.GPIOParameters=GPIO_Label
PG3.GPIO_Label=B_Out22
PG3.Locked=true
PG3.Signal=GPIO_Output
PG4.GPIOParameters=GPIO_PuPd,GPIO_Label
PG4.GPIO_Label=B_In26
PG4.GPIO_PuPd=GPIO_PULLUP
PG4.Locked=true
PG4.Signal=GPIO_Input
PG5.GPIOParameters=GPIO_PuPd,GPIO_Label
PG5.GPIO_Label=B_In27
PG5.GPIO_PuPd=GPIO_PULLUP
PG5.Locked=true
PG5.Signal=GPIO_Input
PG6.GPIOParameters=GPIO_Label
PG6.GPIO_Label=T_DAC_SDI
PG6.Locked=true
PG6.Signal=GPIO_Output
PG7.GPIOParameters=GPIO_Label
PG7.GPIO_Label=T_DAC_CLK
PG7.Locked=true
PG7.Signal=GPIO_Output
PG8.GPIOParameters=GPIO_Label
PG8.GPIO_Label=T_DAC_CS
PG8.Locked=true
PG8.Signal=GPIO_Output
PH0-OSC_IN(PH0).Mode=HSE-External-Oscillator
PH0-OSC_IN(PH0).Signal=RCC_OSC_IN
PH1-OSC_OUT(PH1).Mode=HSE-External-Oscillator
PH1-OSC_OUT(PH1).Signal=RCC_OSC_OUT
PinOutPanel.RotationAngle=0
ProjectManager.AskForMigrate=true
ProjectManager.BackupPrevious=false
ProjectManager.CompilerLinker=GCC
ProjectManager.CompilerOptimize=6
ProjectManager.ComputerToolchain=false
ProjectManager.CoupleFile=false
ProjectManager.CustomerFirmwarePackage=
ProjectManager.DefaultFWLocation=true
ProjectManager.DeletePrevious=true
ProjectManager.DeviceId=STM32H563ZITx
ProjectManager.FirmwarePackage=STM32Cube FW_H5 V1.5.1
ProjectManager.FreePins=false
ProjectManager.HalAssertFull=false
ProjectManager.HeapSize=0x200
ProjectManager.KeepUserCode=true
ProjectManager.LastFirmware=true
ProjectManager.LibraryCopy=1
ProjectManager.MainLocation=Core/Src
ProjectManager.NoMain=false
ProjectManager.PreviousToolchain=
ProjectManager.ProjectBuild=false
ProjectManager.ProjectFileName=agv_firmware.ioc
ProjectManager.ProjectName=agv_firmware
ProjectManager.ProjectStructure=
ProjectManager.RegisterCallBack=
ProjectManager.StackSize=0x400
ProjectManager.TargetToolchain=STM32CubeIDE
ProjectManager.ToolChainLocation=
ProjectManager.UAScriptAfterPath=
ProjectManager.UAScriptBeforePath=
ProjectManager.UnderRoot=true
ProjectManager.functionlistsort=1-SystemClock_Config-RCC-false-HAL-false,2-MX_GPIO_Init-GPIO-false-HAL-true,3-MX_GPDMA1_Init-GPDMA1-false-HAL-true,4-MX_ICACHE_Init-ICACHE-false-HAL-true,5-MX_TIM3_Init-TIM3-false-HAL-true,6-MX_TIM4_Init-TIM4-false-HAL-true,7-MX_SPI1_Init-SPI1-false-HAL-true,8-MX_UART5_Init-UART5-false-HAL-true,9-MX_USART1_UART_Init-USART1-false-HAL-true,10-MX_USART3_UART_Init-USART3-false-HAL-true,11-MX_TIM6_Init-TIM6-false-HAL-true,12-MX_USART2_UART_Init-USART2-false-HAL-true,0-MX_CORTEX_M33_NS_Init-CORTEX_M33_NS-false-HAL-true,0-MX_PWR_Init-PWR-false-HAL-true
RCC.ADCFreq_Value=250000000
RCC.AHBFreq_Value=250000000
RCC.APB1Freq_Value=250000000
RCC.APB1TimFreq_Value=250000000
RCC.APB2Freq_Value=250000000
RCC.APB2TimFreq_Value=250000000
RCC.APB3Freq_Value=250000000
RCC.CECFreq_Value=32000
RCC.CKPERFreq_Value=32000000
RCC.CRSFreq_Value=48000000
RCC.CSI_VALUE=4000000
RCC.CortexFreq_Value=250000000
RCC.DACFreq_Value=32768
RCC.EPOD_VALUE=8000000
RCC.ETHFreq_Value=166666666.66666666
RCC.EnbaleCSS=true
RCC.FCLKCortexFreq_Value=250000000
RCC.FDCANFreq_Value=8000000
RCC.FamilyName=M
RCC.HCLKFreq_Value=250000000
RCC.HSE_VALUE=8000000
RCC.HSI48_VALUE=48000000
RCC.HSI_VALUE=64000000
RCC.I2C1Freq_Value=250000000
RCC.I2C2Freq_Value=250000000
RCC.I2C3Freq_Value=250000000
RCC.I2C4Freq_Value=250000000
RCC.I3C1Freq_Value=250000000
RCC.IPParameters=ADCFreq_Value,AHBFreq_Value,APB1Freq_Value,APB1TimFreq_Value,APB2Freq_Value,APB2TimFreq_Value,APB3Freq_Value,CECFreq_Value,CKPERFreq_Value,CRSFreq_Value,CSI_VALUE,CortexFreq_Value,DACFreq_Value,EPOD_VALUE,ETHFreq_Value,EnbaleCSS,FCLKCortexFreq_Value,FDCANFreq_Value,FamilyName,HCLKFreq_Value,HSE_VALUE,HSI48_VALUE,HSI_VALUE,I2C1Freq_Value,I2C2Freq_Value,I2C3Freq_Value,I2C4Freq_Value,I3C1Freq_Value,LPTIM1Freq_Value,LPTIM2Freq_Value,LPTIM3Freq_Value,LPTIM4Freq_Value,LPTIM5Freq_Value,LPTIM6Freq_Value,LPUART1Freq_Value,LSCOPinFreq_Value,LSE_VALUE,LSIRC_VALUE,MCO1PinFreq_Value,MCO2PinFreq_Value,OCTOSPIMFreq_Value,PLL1Q,PLL2FRACN,PLL2PoutputFreq_Value,PLL2QoutputFreq_Value,PLL2RoutputFreq_Value,PLL3FRACN,PLL3PoutputFreq_Value,PLL3QoutputFreq_Value,PLL3RoutputFreq_Value,PLLFRACN,PLLN,PLLPoutputFreq_Value,PLLQoutputFreq_Value,PLLSourceVirtual,PWRFreq_Value,RNGFreq_Value,SAI1Freq_Value,SAI2Freq_Value,SDMMC1Freq_Value,SDMMC2Freq_Value,SPI1CLockSelection,SPI1Freq_Value,SPI2Freq_Value,SPI3Freq_Value,SPI4Freq_Value,SPI5Freq_Value,SPI6Freq_Value,SYSCLKFreq_VALUE,SYSCLKSource,UART12Freq_Value,UART4Freq_Value,UART5Freq_Value,UART7Freq_Value,UART8Freq_Value,UART9Freq_Value,UCPD1outputFreq_Value,USART10Freq_Value,USART11Freq_Value,USART1Freq_Value,USART2Freq_Value,USART3Freq_Value,USART6Freq_Value,USBFreq_Value,VCOInput2Freq_Value,VCOInput3Freq_Value,VCOInputFreq_Value,VCOOutputFreq_Value,VCOPLL2OutputFreq_Value,VCOPLL3OutputFreq_Value
RCC.LPTIM1Freq_Value=250000000
RCC.LPTIM2Freq_Value=250000000
RCC.LPTIM3Freq_Value=250000000
RCC.LPTIM4Freq_Value=250000000
RCC.LPTIM5Freq_Value=250000000
RCC.LPTIM6Freq_Value=250000000
RCC.LPUART1Freq_Value=250000000
RCC.LSCOPinFreq_Value=32000
RCC.LSE_VALUE=32768
RCC.LSIRC_VALUE=32000
RCC.MCO1PinFreq_Value=32000000
RCC.MCO2PinFreq_Value=250000000
RCC.OCTOSPIMFreq_Value=250000000
RCC.PLL1Q=3
RCC.PLL2FRACN=0
RCC.PLL2PoutputFreq_Value=258000000
RCC.PLL2QoutputFreq_Value=258000000
RCC.PLL2RoutputFreq_Value=258000000
RCC.PLL3FRACN=0
RCC.PLL3PoutputFreq_Value=258000000
RCC.PLL3QoutputFreq_Value=258000000
RCC.PLL3RoutputFreq_Value=258000000
RCC.PLLFRACN=4096
RCC.PLLN=62
RCC.PLLPoutputFreq_Value=250000000
RCC.PLLQoutputFreq_Value=166666666.66666666
RCC.PLLSourceVirtual=RCC_PLL1_SOURCE_HSE
RCC.PWRFreq_Value=250000000
RCC.RNGFreq_Value=48000000
RCC.SAI1Freq_Value=258000000
RCC.SAI2Freq_Value=258000000
RCC.SDMMC1Freq_Value=166666666.66666666
RCC.SDMMC2Freq_Value=166666666.66666666
RCC.SPI1CLockSelection=RCC_SPI1CLKSOURCE_CLKP
RCC.SPI1Freq_Value=32000000
RCC.SPI2Freq_Value=166666666.66666666
RCC.SPI3Freq_Value=166666666.66666666
RCC.SPI4Freq_Value=250000000
RCC.SPI5Freq_Value=250000000
RCC.SPI6Freq_Value=250000000
RCC.SYSCLKFreq_VALUE=250000000
RCC.SYSCLKSource=RCC_SYSCLKSOURCE_PLLCLK
RCC.UART12Freq_Value=250000000
RCC.UART4Freq_Value=250000000
RCC.UART5Freq_Value=250000000
RCC.UART7Freq_Value=250000000
RCC.UART8Freq_Value=250000000
RCC.UART9Freq_Value=250000000
RCC.UCPD1outputFreq_Value=8000000
RCC.USART10Freq_Value=250000000
RCC.USART11Freq_Value=250000000
RCC.USART1Freq_Value=250000000
RCC.USART2Freq_Value=250000000
RCC.USART3Freq_Value=250000000
RCC.USART6Freq_Value=250000000
RCC.USBFreq_Value=48000000
RCC.VCOInput2Freq_Value=4000000
RCC.VCOInput3Freq_Value=4000000
RCC.VCOInputFreq_Value=8000000
RCC.VCOOutputFreq_Value=500000000
RCC.VCOPLL2OutputFreq_Value=516000000
RCC.VCOPLL3OutputFreq_Value=516000000
SH.S_TIM3_CH1.0=TIM3_CH1,PWM Generation1 CH1
SH.S_TIM3_CH1.ConfNb=1
SH.S_TIM3_CH2.0=TIM3_CH2,PWM Generation2 CH2
SH.S_TIM3_CH2.ConfNb=1
SH.S_TIM3_CH3.0=TIM3_CH3,PWM Generation3 CH3
SH.S_TIM3_CH3.ConfNb=1
SH.S_TIM3_CH4.0=TIM3_CH4,PWM Generation4 CH4
SH.S_TIM3_CH4.ConfNb=1
SH.S_TIM4_CH1.0=TIM4_CH1,PWM Generation1 CH1
SH.S_TIM4_CH1.ConfNb=1
SH.S_TIM4_CH2.0=TIM4_CH2,PWM Generation2 CH2
SH.S_TIM4_CH2.ConfNb=1
SH.S_TIM4_CH3.0=TIM4_CH3,PWM Generation3 CH3
SH.S_TIM4_CH3.ConfNb=1
SH.S_TIM4_CH4.0=TIM4_CH4,PWM Generation4 CH4
SH.S_TIM4_CH4.ConfNb=1
SPI1.CalculateBaudRate=16.0 MBits/s
SPI1.Direction=SPI_DIRECTION_2LINES
SPI1.IPParameters=VirtualType,Mode,Direction,CalculateBaudRate
SPI1.Mode=SPI_MODE_MASTER
SPI1.VirtualType=VM_MASTER
TIM3.Channel-PWM\ Generation1\ CH1=TIM_CHANNEL_1
TIM3.Channel-PWM\ Generation2\ CH2=TIM_CHANNEL_2
TIM3.Channel-PWM\ Generation3\ CH3=TIM_CHANNEL_3
TIM3.Channel-PWM\ Generation4\ CH4=TIM_CHANNEL_4
TIM3.IPParameters=Channel-PWM Generation1 CH1,Channel-PWM Generation2 CH2,Channel-PWM Generation3 CH3,Channel-PWM Generation4 CH4,PeriodNoDither
TIM3.PeriodNoDither=999
TIM4.Channel-PWM\ Generation1\ CH1=TIM_CHANNEL_1
TIM4.Channel-PWM\ Generation2\ CH2=TIM_CHANNEL_2
TIM4.Channel-PWM\ Generation3\ CH3=TIM_CHANNEL_3
TIM4.Channel-PWM\ Generation4\ CH4=TIM_CHANNEL_4
TIM4.IPParameters=Channel-PWM Generation4 CH4,Channel-PWM Generation3 CH3,Channel-PWM Generation1 CH1,Channel-PWM Generation2 CH2,PeriodNoDither,Prescaler
TIM4.PeriodNoDither=999
TIM4.Prescaler=249
TIM6.IPParameters=Prescaler,PeriodNoDither
TIM6.PeriodNoDither=9999
TIM6.Prescaler=249
USART1.IPParameters=VirtualMode-Asynchronous
USART1.VirtualMode-Asynchronous=VM_ASYNC
USART2.IPParameters=VirtualMode-Asynchronous
USART2.VirtualMode-Asynchronous=VM_ASYNC
USART3.IPParameters=VirtualMode-Asynchronous
USART3.VirtualMode-Asynchronous=VM_ASYNC
VP_BOOTPATH_VS_BOOTPATH.Mode=BP_Activate
VP_BOOTPATH_VS_BOOTPATH.Signal=BOOTPATH_VS_BOOTPATH
VP_CORTEX_M33_NS_VS_Hclk.Mode=Hclk_Mode
VP_CORTEX_M33_NS_VS_Hclk.Signal=CORTEX_M33_NS_VS_Hclk
VP_GPDMA1_VS_GPDMACH0.Mode=SIMPLEREQUEST_GPDMACH0
VP_GPDMA1_VS_GPDMACH0.Signal=GPDMA1_VS_GPDMACH0
VP_GPDMA1_VS_GPDMACH1.Mode=SIMPLEREQUEST_GPDMACH1
VP_GPDMA1_VS_GPDMACH1.Signal=GPDMA1_VS_GPDMACH1
VP_ICACHE_VS_ENABLE_ICACHE_MEMORY.Mode=Memoryregions
VP_ICACHE_VS_ENABLE_ICACHE_MEMORY.Signal=ICACHE_VS_ENABLE_ICACHE_MEMORY
VP_MEMORYMAP_VS_MEMORYMAP.Mode=CurAppReg
VP_MEMORYMAP_VS_MEMORYMAP.Signal=MEMORYMAP_VS_MEMORYMAP
VP_PWR_VS_LPOM.Mode=PowerOptimisation
VP_PWR_VS_LPOM.Signal=PWR_VS_LPOM
VP_PWR_VS_SECSignals.Mode=Security/Privilege
VP_PWR_VS_SECSignals.Signal=PWR_VS_SECSignals
VP_SYS_VS_Systick.Mode=SysTick
VP_SYS_VS_Systick.Signal=SYS_VS_Systick
VP_TIM6_VS_ClockSourceINT.Mode=Enable_Timer
VP_TIM6_VS_ClockSourceINT.Signal=TIM6_VS_ClockSourceINT
board=custom
isbadioc=false
